
Microsoft Visual Studio Solution File, Format Version 12.00
# Visual Studio Version 17
VisualStudioVersion = 17.1.32407.343
MinimumVisualStudioVersion = 10.0.40219.1
Project("{FAE04EC0-301F-11D3-BF4B-00C04F79EFBC}") = "GameClicker.UI", "GameClicker.UI\GameClicker.UI.csproj", "{A0A9978D-D0F5-4310-8D5B-EFB47D7AB286}"
EndProject
Project("{FAE04EC0-301F-11D3-BF4B-00C04F79EFBC}") = "GameClicker.BLL", "GameClicker.BLL\GameClicker.BLL.csproj", "{0E54B4D0-3923-4B6F-8179-BEFCCB9113E0}"
EndProject
Project("{FAE04EC0-301F-11D3-BF4B-00C04F79EFBC}") = "GameClicker.DAL", "GameClicker.DAL\GameClicker.DAL.csproj", "{309A516C-8E17-4073-A298-15D07534A136}"
EndProject
Global
	GlobalSection(SolutionConfigurationPlatforms) = preSolution
		Debug|Any CPU = Debug|Any CPU
		Release|Any CPU = Release|Any CPU
	EndGlobalSection
	GlobalSection(ProjectConfigurationPlatforms) = postSolution
		{A0A9978D-D0F5-4310-8D5B-EFB47D7AB286}.Debug|Any CPU.ActiveCfg = Debug|Any CPU
		{A0A9978D-D0F5-4310-8D5B-EFB47D7AB286}.Debug|Any CPU.Build.0 = Debug|Any CPU
		{A0A9978D-D0F5-4310-8D5B-EFB47D7AB286}.Release|Any CPU.ActiveCfg = Release|Any CPU
		{A0A9978D-D0F5-4310-8D5B-EFB47D7AB286}.Release|Any CPU.Build.0 = Release|Any CPU
		{0E54B4D0-3923-4B6F-8179-BEFCCB9113E0}.Debug|Any CPU.ActiveCfg = Debug|Any CPU
		{0E54B4D0-3923-4B6F-8179-BEFCCB9113E0}.Debug|Any CPU.Build.0 = Debug|Any CPU
		{0E54B4D0-3923-4B6F-8179-BEFCCB9113E0}.Release|Any CPU.ActiveCfg = Release|Any CPU
		{0E54B4D0-3923-4B6F-8179-BEFCCB9113E0}.Release|Any CPU.Build.0 = Release|Any CPU
		{309A516C-8E17-4073-A298-15D07534A136}.Debug|Any CPU.ActiveCfg = Debug|Any CPU
		{309A516C-8E17-4073-A298-15D07534A136}.Debug|Any CPU.Build.0 = Debug|Any CPU
		{309A516C-8E17-4073-A298-15D07534A136}.Release|Any CPU.ActiveCfg = Release|Any CPU
		{309A516C-8E17-4073-A298-15D07534A136}.Release|Any CPU.Build.0 = Release|Any CPU
	EndGlobalSection
	GlobalSection(SolutionProperties) = preSolution
		HideSolutionNode = FALSE
	EndGlobalSection
	GlobalSection(ExtensibilityGlobals) = postSolution
		SolutionGuid = {E3CF3154-B59C-43C3-A1AF-716C44B44750}
	EndGlobalSection
EndGlobal
